{
  "name": "geometric-jacobian",
  "version": "1.0.0",
  "lockfileVersion": 1,
  "requires": true,
  "dependencies": {
    "elementary-rotations": {
      "version": "git+https://github.com/PeterTadich/elementary-rotations.git#95da5547fe9784c0559c4c7e4aa4db2f6bdf769e",
      "requires": {
        "matlab-javascript": "git+https://github.com/PeterTadich/matlab-javascript.git#b6661f0577ce98b27068c1bdcf84daa2aa63b9cc",
        "matrix-computations": "git+https://github.com/PeterTadich/matrix-computations.git#331f4b46b59b2dc761ce4f4a2c05c662d1e0150c"
      }
    },
    "homogeneous-transformations": {
      "version": "git+https://github.com/PeterTadich/homogeneous-transformations.git#2048f5d2b83bbc68983d48a6dddea0f2587b7206",
      "requires": {
        "elementary-rotations": "git+https://github.com/PeterTadich/elementary-rotations.git#95da5547fe9784c0559c4c7e4aa4db2f6bdf769e",
        "matrix-computations": "git+https://github.com/PeterTadich/matrix-computations.git#331f4b46b59b2dc761ce4f4a2c05c662d1e0150c",
        "quaternions": "git+https://github.com/PeterTadich/quaternions.git#51dd1241db821f29ce1b6a63ed495a6ac3c90882"
      }
    },
    "lu-decomposition": {
      "version": "git+https://github.com/PeterTadich/lu-decomposition.git#a6bc38ae21b67aa967ac20723061a33bc2d4cc98",
      "requires": {
        "matrix-computations": "git+https://github.com/PeterTadich/matrix-computations.git#331f4b46b59b2dc761ce4f4a2c05c662d1e0150c"
      }
    },
    "matlab-javascript": {
      "version": "git+https://github.com/PeterTadich/matlab-javascript.git#b6661f0577ce98b27068c1bdcf84daa2aa63b9cc",
      "requires": {
        "matrix-computations": "git+https://github.com/PeterTadich/matrix-computations.git#331f4b46b59b2dc761ce4f4a2c05c662d1e0150c"
      }
    },
    "matrix-computations": {
      "version": "git+https://github.com/PeterTadich/matrix-computations.git#331f4b46b59b2dc761ce4f4a2c05c662d1e0150c"
    },
    "quaternions": {
      "version": "git+https://github.com/PeterTadich/quaternions.git#51dd1241db821f29ce1b6a63ed495a6ac3c90882",
      "requires": {
        "matrix-computations": "git+https://github.com/PeterTadich/matrix-computations.git#331f4b46b59b2dc761ce4f4a2c05c662d1e0150c"
      },
      "dependencies": {
        "matrix-computations": {
          "version": "git+https://github.com/PeterTadich/matrix-computations.git#331f4b46b59b2dc761ce4f4a2c05c662d1e0150c"
        }
      }
    },
    "singular-value-decomposition": {
      "version": "git+https://github.com/PeterTadich/singular-value-decomposition.git#a1e236212ab02c82d115ad8a6545446416582499",
      "requires": {
        "matrix-computations": "git+https://github.com/PeterTadich/matrix-computations.git#331f4b46b59b2dc761ce4f4a2c05c662d1e0150c"
      }
    }
  }
}
